
Microsoft Visual Studio Solution File, Format Version 12.00
<<<<<<< HEAD
# Visual Studio 14
VisualStudioVersion = 14.0.25420.1
=======
# Visual Studio 15
VisualStudioVersion = 15.0.27428.2005
>>>>>>> 7f2a5f3... Revert "Revert "Revert "Revert "Add project files.""""
MinimumVisualStudioVersion = 10.0.40219.1
Project("{8BC9CEB8-8B4A-11D0-8D11-00A0C91BC942}") = "aisd2", "aisd2\aisd2.vcxproj", "{CF254257-A839-4E0E-BDC7-D6EA17F23196}"
EndProject
Global
	GlobalSection(SolutionConfigurationPlatforms) = preSolution
		Debug|x64 = Debug|x64
		Debug|x86 = Debug|x86
		Release|x64 = Release|x64
		Release|x86 = Release|x86
	EndGlobalSection
	GlobalSection(ProjectConfigurationPlatforms) = postSolution
		{CF254257-A839-4E0E-BDC7-D6EA17F23196}.Debug|x64.ActiveCfg = Debug|x64
		{CF254257-A839-4E0E-BDC7-D6EA17F23196}.Debug|x64.Build.0 = Debug|x64
		{CF254257-A839-4E0E-BDC7-D6EA17F23196}.Debug|x86.ActiveCfg = Debug|Win32
		{CF254257-A839-4E0E-BDC7-D6EA17F23196}.Debug|x86.Build.0 = Debug|Win32
		{CF254257-A839-4E0E-BDC7-D6EA17F23196}.Release|x64.ActiveCfg = Release|x64
		{CF254257-A839-4E0E-BDC7-D6EA17F23196}.Release|x64.Build.0 = Release|x64
		{CF254257-A839-4E0E-BDC7-D6EA17F23196}.Release|x86.ActiveCfg = Release|Win32
		{CF254257-A839-4E0E-BDC7-D6EA17F23196}.Release|x86.Build.0 = Release|Win32
	EndGlobalSection
	GlobalSection(SolutionProperties) = preSolution
		HideSolutionNode = FALSE
	EndGlobalSection
<<<<<<< HEAD
=======
	GlobalSection(ExtensibilityGlobals) = postSolution
		SolutionGuid = {E2211578-58A0-42B0-A815-D082E9377DF6}
	EndGlobalSection
>>>>>>> 7f2a5f3... Revert "Revert "Revert "Revert "Add project files.""""
EndGlobal
